
Microsoft Visual Studio Solution File, Format Version 12.00
# Visual Studio 15
VisualStudioVersion = 15.0.28307.539
MinimumVisualStudioVersion = 10.0.40219.1
Project("{FAE04EC0-301F-11D3-BF4B-00C04F79EFBC}") = "LB.MainForm", "LB.MainForm.csproj", "{ECEA6DEB-C611-4487-9EE1-641240CF8CBF}"
EndProject
Project("{FAE04EC0-301F-11D3-BF4B-00C04F79EFBC}") = "LB.Base", "..\LB.Base\LB.Base.csproj", "{739059D0-9D83-4881-B502-B08CCA50A4E4}"
EndProject
Project("{FAE04EC0-301F-11D3-BF4B-00C04F79EFBC}") = "LB.Common", "..\LB.Common\LB.Common.csproj", "{88240F2E-3447-4A6E-A598-8FEE981B5A4A}"
EndProject
Project("{FAE04EC0-301F-11D3-BF4B-00C04F79EFBC}") = "LB.Controls", "..\LB.Controls\LB.Controls.csproj", "{04C9AD34-D6AB-4518-9701-9F991D3A8B60}"
EndProject
Project("{FAE04EC0-301F-11D3-BF4B-00C04F79EFBC}") = "LB.Login", "..\LB.Login\LB.Login.csproj", "{12978718-AFCB-4AB2-B00F-CDBD3C2AAA23}"
EndProject
Project("{FAE04EC0-301F-11D3-BF4B-00C04F79EFBC}") = "LB.SysConfig", "..\LB.SysConfig\LB.SysConfig.csproj", "{948F87EE-5644-4CB5-AFA2-C8AEEB1470C2}"
EndProject
Project("{FAE04EC0-301F-11D3-BF4B-00C04F79EFBC}") = "LB.MI", "..\LB.MI\LB.MI.csproj", "{F53A2FCB-4279-4214-AF1C-857C1942995E}"
EndProject
Project("{FAE04EC0-301F-11D3-BF4B-00C04F79EFBC}") = "LB.StyleResource", "..\LB.StyleResource\LB.StyleResource.csproj", "{BB3A2964-6A7E-479A-B180-B156FBCC868B}"
EndProject
Project("{FAE04EC0-301F-11D3-BF4B-00C04F79EFBC}") = "LB.ReadCard", "..\LB.ReadCard\LB.ReadCard.csproj", "{AA73E821-F390-46B8-BA3F-206BA8F79A9B}"
EndProject
Global
	GlobalSection(SolutionConfigurationPlatforms) = preSolution
		Debug|Any CPU = Debug|Any CPU
		Debug|x86 = Debug|x86
		Release|Any CPU = Release|Any CPU
		Release|x86 = Release|x86
	EndGlobalSection
	GlobalSection(ProjectConfigurationPlatforms) = postSolution
		{ECEA6DEB-C611-4487-9EE1-641240CF8CBF}.Debug|Any CPU.ActiveCfg = Debug|Any CPU
		{ECEA6DEB-C611-4487-9EE1-641240CF8CBF}.Debug|Any CPU.Build.0 = Debug|Any CPU
		{ECEA6DEB-C611-4487-9EE1-641240CF8CBF}.Debug|x86.ActiveCfg = Debug|Any CPU
		{ECEA6DEB-C611-4487-9EE1-641240CF8CBF}.Debug|x86.Build.0 = Debug|Any CPU
		{ECEA6DEB-C611-4487-9EE1-641240CF8CBF}.Release|Any CPU.ActiveCfg = Release|Any CPU
		{ECEA6DEB-C611-4487-9EE1-641240CF8CBF}.Release|Any CPU.Build.0 = Release|Any CPU
		{ECEA6DEB-C611-4487-9EE1-641240CF8CBF}.Release|x86.ActiveCfg = Release|Any CPU
		{ECEA6DEB-C611-4487-9EE1-641240CF8CBF}.Release|x86.Build.0 = Release|Any CPU
		{739059D0-9D83-4881-B502-B08CCA50A4E4}.Debug|Any CPU.ActiveCfg = Debug|Any CPU
		{739059D0-9D83-4881-B502-B08CCA50A4E4}.Debug|Any CPU.Build.0 = Debug|Any CPU
		{739059D0-9D83-4881-B502-B08CCA50A4E4}.Debug|x86.ActiveCfg = Debug|Any CPU
		{739059D0-9D83-4881-B502-B08CCA50A4E4}.Debug|x86.Build.0 = Debug|Any CPU
		{739059D0-9D83-4881-B502-B08CCA50A4E4}.Release|Any CPU.ActiveCfg = Release|Any CPU
		{739059D0-9D83-4881-B502-B08CCA50A4E4}.Release|Any CPU.Build.0 = Release|Any CPU
		{739059D0-9D83-4881-B502-B08CCA50A4E4}.Release|x86.ActiveCfg = Release|Any CPU
		{739059D0-9D83-4881-B502-B08CCA50A4E4}.Release|x86.Build.0 = Release|Any CPU
		{88240F2E-3447-4A6E-A598-8FEE981B5A4A}.Debug|Any CPU.ActiveCfg = Debug|Any CPU
		{88240F2E-3447-4A6E-A598-8FEE981B5A4A}.Debug|Any CPU.Build.0 = Debug|Any CPU
		{88240F2E-3447-4A6E-A598-8FEE981B5A4A}.Debug|x86.ActiveCfg = Debug|x86
		{88240F2E-3447-4A6E-A598-8FEE981B5A4A}.Debug|x86.Build.0 = Debug|x86
		{88240F2E-3447-4A6E-A598-8FEE981B5A4A}.Release|Any CPU.ActiveCfg = Release|Any CPU
		{88240F2E-3447-4A6E-A598-8FEE981B5A4A}.Release|Any CPU.Build.0 = Release|Any CPU
		{88240F2E-3447-4A6E-A598-8FEE981B5A4A}.Release|x86.ActiveCfg = Release|x86
		{88240F2E-3447-4A6E-A598-8FEE981B5A4A}.Release|x86.Build.0 = Release|x86
		{04C9AD34-D6AB-4518-9701-9F991D3A8B60}.Debug|Any CPU.ActiveCfg = Debug|Any CPU
		{04C9AD34-D6AB-4518-9701-9F991D3A8B60}.Debug|Any CPU.Build.0 = Debug|Any CPU
		{04C9AD34-D6AB-4518-9701-9F991D3A8B60}.Debug|x86.ActiveCfg = Debug|Any CPU
		{04C9AD34-D6AB-4518-9701-9F991D3A8B60}.Debug|x86.Build.0 = Debug|Any CPU
		{04C9AD34-D6AB-4518-9701-9F991D3A8B60}.Release|Any CPU.ActiveCfg = Release|Any CPU
		{04C9AD34-D6AB-4518-9701-9F991D3A8B60}.Release|Any CPU.Build.0 = Release|Any CPU
		{04C9AD34-D6AB-4518-9701-9F991D3A8B60}.Release|x86.ActiveCfg = Release|Any CPU
		{04C9AD34-D6AB-4518-9701-9F991D3A8B60}.Release|x86.Build.0 = Release|Any CPU
		{12978718-AFCB-4AB2-B00F-CDBD3C2AAA23}.Debug|Any CPU.ActiveCfg = Debug|Any CPU
		{12978718-AFCB-4AB2-B00F-CDBD3C2AAA23}.Debug|Any CPU.Build.0 = Debug|Any CPU
		{12978718-AFCB-4AB2-B00F-CDBD3C2AAA23}.Debug|x86.ActiveCfg = Debug|Any CPU
		{12978718-AFCB-4AB2-B00F-CDBD3C2AAA23}.Debug|x86.Build.0 = Debug|Any CPU
		{12978718-AFCB-4AB2-B00F-CDBD3C2AAA23}.Release|Any CPU.ActiveCfg = Release|Any CPU
		{12978718-AFCB-4AB2-B00F-CDBD3C2AAA23}.Release|Any CPU.Build.0 = Release|Any CPU
		{12978718-AFCB-4AB2-B00F-CDBD3C2AAA23}.Release|x86.ActiveCfg = Release|Any CPU
		{12978718-AFCB-4AB2-B00F-CDBD3C2AAA23}.Release|x86.Build.0 = Release|Any CPU
		{948F87EE-5644-4CB5-AFA2-C8AEEB1470C2}.Debug|Any CPU.ActiveCfg = Debug|Any CPU
		{948F87EE-5644-4CB5-AFA2-C8AEEB1470C2}.Debug|Any CPU.Build.0 = Debug|Any CPU
		{948F87EE-5644-4CB5-AFA2-C8AEEB1470C2}.Debug|x86.ActiveCfg = Debug|Any CPU
		{948F87EE-5644-4CB5-AFA2-C8AEEB1470C2}.Debug|x86.Build.0 = Debug|Any CPU
		{948F87EE-5644-4CB5-AFA2-C8AEEB1470C2}.Release|Any CPU.ActiveCfg = Release|Any CPU
		{948F87EE-5644-4CB5-AFA2-C8AEEB1470C2}.Release|Any CPU.Build.0 = Release|Any CPU
		{948F87EE-5644-4CB5-AFA2-C8AEEB1470C2}.Release|x86.ActiveCfg = Release|Any CPU
		{948F87EE-5644-4CB5-AFA2-C8AEEB1470C2}.Release|x86.Build.0 = Release|Any CPU
		{F53A2FCB-4279-4214-AF1C-857C1942995E}.Debug|Any CPU.ActiveCfg = Debug|Any CPU
		{F53A2FCB-4279-4214-AF1C-857C1942995E}.Debug|Any CPU.Build.0 = Debug|Any CPU
		{F53A2FCB-4279-4214-AF1C-857C1942995E}.Debug|x86.ActiveCfg = Debug|Any CPU
		{F53A2FCB-4279-4214-AF1C-857C1942995E}.Debug|x86.Build.0 = Debug|Any CPU
		{F53A2FCB-4279-4214-AF1C-857C1942995E}.Release|Any CPU.ActiveCfg = Release|Any CPU
		{F53A2FCB-4279-4214-AF1C-857C1942995E}.Release|Any CPU.Build.0 = Release|Any CPU
		{F53A2FCB-4279-4214-AF1C-857C1942995E}.Release|x86.ActiveCfg = Release|Any CPU
		{F53A2FCB-4279-4214-AF1C-857C1942995E}.Release|x86.Build.0 = Release|Any CPU
		{BB3A2964-6A7E-479A-B180-B156FBCC868B}.Debug|Any CPU.ActiveCfg = Debug|Any CPU
		{BB3A2964-6A7E-479A-B180-B156FBCC868B}.Debug|Any CPU.Build.0 = Debug|Any CPU
		{BB3A2964-6A7E-479A-B180-B156FBCC868B}.Debug|x86.ActiveCfg = Debug|Any CPU
		{BB3A2964-6A7E-479A-B180-B156FBCC868B}.Debug|x86.Build.0 = Debug|Any CPU
		{BB3A2964-6A7E-479A-B180-B156FBCC868B}.Release|Any CPU.ActiveCfg = Release|Any CPU
		{BB3A2964-6A7E-479A-B180-B156FBCC868B}.Release|Any CPU.Build.0 = Release|Any CPU
		{BB3A2964-6A7E-479A-B180-B156FBCC868B}.Release|x86.ActiveCfg = Release|Any CPU
		{BB3A2964-6A7E-479A-B180-B156FBCC868B}.Release|x86.Build.0 = Release|Any CPU
		{AA73E821-F390-46B8-BA3F-206BA8F79A9B}.Debug|Any CPU.ActiveCfg = Debug|Any CPU
		{AA73E821-F390-46B8-BA3F-206BA8F79A9B}.Debug|Any CPU.Build.0 = Debug|Any CPU
		{AA73E821-F390-46B8-BA3F-206BA8F79A9B}.Debug|x86.ActiveCfg = Debug|Any CPU
		{AA73E821-F390-46B8-BA3F-206BA8F79A9B}.Debug|x86.Build.0 = Debug|Any CPU
		{AA73E821-F390-46B8-BA3F-206BA8F79A9B}.Release|Any CPU.ActiveCfg = Release|Any CPU
		{AA73E821-F390-46B8-BA3F-206BA8F79A9B}.Release|Any CPU.Build.0 = Release|Any CPU
		{AA73E821-F390-46B8-BA3F-206BA8F79A9B}.Release|x86.ActiveCfg = Release|Any CPU
		{AA73E821-F390-46B8-BA3F-206BA8F79A9B}.Release|x86.Build.0 = Release|Any CPU
	EndGlobalSection
	GlobalSection(SolutionProperties) = preSolution
		HideSolutionNode = FALSE
	EndGlobalSection
	GlobalSection(ExtensibilityGlobals) = postSolution
		SolutionGuid = {A6AE351C-36C1-4B86-92F9-E3AB664B7D89}
	EndGlobalSection
EndGlobal
